// !$*UTF8*$!
{
	archiveVersion = 1;
	classes = {
	};
	objectVersion = 50;
	objects = {

/* Begin PBXBuildFile section */
		4241F692249DC20600BF2794 /* AppDelegate.swift in Sources */ = {isa = PBXBuildFile; fileRef = 4241F691249DC20600BF2794 /* AppDelegate.swift */; };
		4241F694249DC20600BF2794 /* SceneDelegate.swift in Sources */ = {isa = PBXBuildFile; fileRef = 4241F693249DC20600BF2794 /* SceneDelegate.swift */; };
		4241F696249DC20600BF2794 /* ViewController.swift in Sources */ = {isa = PBXBuildFile; fileRef = 4241F695249DC20600BF2794 /* ViewController.swift */; };
		4241F699249DC20600BF2794 /* Main.storyboard in Resources */ = {isa = PBXBuildFile; fileRef = 4241F697249DC20600BF2794 /* Main.storyboard */; };
		4241F69B249DC20900BF2794 /* Assets.xcassets in Resources */ = {isa = PBXBuildFile; fileRef = 4241F69A249DC20900BF2794 /* Assets.xcassets */; };
		4241F69E249DC20900BF2794 /* LaunchScreen.storyboard in Resources */ = {isa = PBXBuildFile; fileRef = 4241F69C249DC20900BF2794 /* LaunchScreen.storyboard */; };
/* End PBXBuildFile section */

/* Begin PBXFileReference section */
		4241F68E249DC20600BF2794 /* SwiftMapAndProtocol.app */ = {isa = PBXFileReference; explicitFileType = wrapper.application; includeInIndex = 0; path = SwiftMapAndProtocol.app; sourceTree = BUILT_PRODUCTS_DIR; };
		4241F691249DC20600BF2794 /* AppDelegate.swift */ = {isa = PBXFileReference; lastKnownFileType = sourcecode.swift; path = AppDelegate.swift; sourceTree = "<group>"; };
		4241F693249DC20600BF2794 /* SceneDelegate.swift */ = {isa = PBXFileReference; lastKnownFileType = sourcecode.swift; path = SceneDelegate.swift; sourceTree = "<group>"; };
		4241F695249DC20600BF2794 /* ViewController.swift */ = {isa = PBXFileReference; lastKnownFileType = sourcecode.swift; path = ViewController.swift; sourceTree = "<group>"; };
		4241F698249DC20600BF2794 /* Base */ = {isa = PBXFileReference; lastKnownFileType = file.storyboard; name = Base; path = Base.lproj/Main.storyboard; sourceTree = "<group>"; };
		4241F69A249DC20900BF2794 /* Assets.xcassets */ = {isa = PBXFileReference; lastKnownFileType = folder.assetcatalog; path = Assets.xcassets; sourceTree = "<group>"; };
		4241F69D249DC20900BF2794 /* Base */ = {isa = PBXFileReference; lastKnownFileType = file.storyboard; name = Base; path = Base.lproj/LaunchScreen.storyboard; sourceTree = "<group>"; };
		4241F69F249DC20900BF2794 /* Info.plist */ = {isa = PBXFileReference; lastKnownFileType = text.plist.xml; path = Info.plist; sourceTree = "<group>"; };
/* End PBXFileReference section */

/* Begin PBXFrameworksBuildPhase section */
		4241F68B249DC20600BF2794 /* Frameworks */ = {
			isa = PBXFrameworksBuildPhase;
			buildActionMask = 2147483647;
			files = (
			);
			runOnlyForDeploymentPostprocessing = 0;
		};
/* End PBXFrameworksBuildPhase section */

/* Begin PBXGroup section */
		4241F685249DC20600BF2794 = {
			isa = PBXGroup;
			children = (
				4241F690249DC20600BF2794 /* SwiftMapAndProtocol */,
				4241F68F249DC20600BF2794 /* Products */,
			);
			sourceTree = "<group>";
		};
		4241F68F249DC20600BF2794 /* Products */ = {
			isa = PBXGroup;
			children = (
				4241F68E249DC20600BF2794 /* SwiftMapAndProtocol.app */,
			);
			name = Products;
			sourceTree = "<group>";
		};
		4241F690249DC20600BF2794 /* SwiftMapAndProtocol */ = {
			isa = PBXGroup;
			children = (
				4241F691249DC20600BF2794 /* AppDelegate.swift */,
				4241F693249DC20600BF2794 /* SceneDelegate.swift */,
				4241F695249DC20600BF2794 /* ViewController.swift */,
				4241F697249DC20600BF2794 /* Main.storyboard */,
				4241F69A249DC20900BF2794 /* Assets.xcassets */,
				4241F69C249DC20900BF2794 /* LaunchScreen.storyboard */,
				4241F69F249DC20900BF2794 /* Info.plist */,
			);
			path = SwiftMapAndProtocol;
			sourceTree = "<group>";
		};
/* End PBXGroup section */

/* Begin PBXNativeTarget section */
		4241F68D249DC20600BF2794 /* SwiftMapAndProtocol */ = {
			isa = PBXNativeTarget;
			buildConfigurationList = 4241F6A2249DC20900BF2794 /* Build configuration list for PBXNativeTarget "SwiftMapAndProtocol" */;
			buildPhases = (
				4241F68A249DC20600BF2794 /* Sources */,
				4241F68B249DC20600BF2794 /* Frameworks */,
				4241F68C249DC20600BF2794 /* Resources */,
			);
			buildRules = (
			);
			dependencies = (
			);
			name = SwiftMapAndProtocol;
			productName = SwiftMapAndProtocol;
			productReference = 4241F68E249DC20600BF2794 /* SwiftMapAndProtocol.app */;
			productType = "com.apple.product-type.application";
		};
/* End PBXNativeTarget section */

/* Begin PBXProject section */
		4241F686249DC20600BF2794 /* Project object */ = {
			isa = PBXProject;
			attributes = {
				LastSwiftUpdateCheck = 1150;
				LastUpgradeCheck = 1150;
				ORGANIZATIONNAME = "Adachi Atsushi";
				TargetAttributes = {
					4241F68D249DC20600BF2794 = {
						CreatedOnToolsVersion = 11.5;
					};
				};
			};
			buildConfigurationList = 4241F689249DC20600BF2794 /* Build configuration list for PBXProject "SwiftMapAndProtocol" */;
			compatibilityVersion = "Xcode 9.3";
			developmentRegion = en;
			hasScannedForEncodings = 0;
			knownRegions = (
				en,
				Base,
			);
			mainGroup = 4241F685249DC20600BF2794;
			productRefGroup = 4241F68F249DC20600BF2794 /* Products */;
			projectDirPath = "";
			projectRoot = "";
			targets = (
				4241F68D249DC20600BF2794 /* SwiftMapAndProtocol */,
			);
		};
/* End PBXProject section */

/* Begin PBXResourcesBuildPhase section */
		4241F68C249DC20600BF2794 /* Resources */ = {
			isa = PBXResourcesBuildPhase;
			buildActionMask = 2147483647;
			files = (
				4241F69E249DC20900BF2794 /* LaunchScreen.storyboard in Resources */,
				4241F69B249DC20900BF2794 /* Assets.xcassets in Resources */,
				4241F699249DC20600BF2794 /* Main.storyboard in Resources */,
			);
			runOnlyForDeploymentPostprocessing = 0;
		};
/* End PBXResourcesBuildPhase section */

/* Begin PBXSourcesBuildPhase section */
		4241F68A249DC20600BF2794 /* Sources */ = {
			isa = PBXSourcesBuildPhase;
			buildActionMask = 2147483647;
			files = (
				4241F696249DC20600BF2794 /* ViewController.swift in Sources */,
				4241F692249DC20600BF2794 /* AppDelegate.swift in Sources */,
				4241F694249DC20600BF2794 /* SceneDelegate.swift in Sources */,
			);
			runOnlyForDeploymentPostprocessing = 0;
		};
/* End PBXSourcesBuildPhase section */

/* Begin PBXVariantGroup section */
		4241F697249DC20600BF2794 /* Main.storyboard */ = {
			isa = PBXVariantGroup;
			children = (
				4241F698249DC20600BF2794 /* Base */,
			);
			name = Main.storyboard;
			sourceTree = "<group>";
		};
		4241F69C249DC20900BF2794 /* LaunchScreen.storyboard */ = {
			isa = PBXVariantGroup;
			children = (
				4241F69D249DC20900BF2794 /* Base */,
			);
			name = LaunchScreen.storyboard;
			sourceTree = "<group>";
		};
/* End PBXVariantGroup section */

/* Begin XCBuildConfiguration section */
		4241F6A0249DC20900BF2794 /* Debug */ = {
			isa = XCBuildConfiguration;
			buildSettings = {
				ALWAYS_SEARCH_USER_PATHS = NO;
				CLANG_ANALYZER_NONNULL = YES;
				CLANG_ANALYZER_NUMBER_OBJECT_CONVERSION = YES_AGGRESSIVE;
				CLANG_CXX_LANGUAGE_STANDARD = "gnu++14";
				CLANG_CXX_LIBRARY = "libc++";
				CLANG_ENABLE_MODULES = YES;
				CLANG_ENABLE_OBJC_ARC = YES;
				CLANG_ENABLE_OBJC_WEAK = YES;
				CLANG_WARN_BLOCK_CAPTURE_AUTORELEASING = YES;
				CLANG_WARN_BOOL_CONVERSION = YES;
				CLANG_WARN_COMMA = YES;
				CLANG_WARN_CONSTANT_CONVERSION = YES;
				CLANG_WARN_DEPRECATED_OBJC_IMPLEMENTATIONS = YES;
				CLANG_WARN_DIRECT_OBJC_ISA_USAGE = YES_ERROR;
				CLANG_WARN_DOCUMENTATION_COMMENTS = YES;
				CLANG_WARN_EMPTY_BODY = YES;
				CLANG_WARN_ENUM_CONVERSION = YES;
				CLANG_WARN_INFINITE_RECURSION = YES;
				CLANG_WARN_INT_CONVERSION = YES;
				CLANG_WARN_NON_LITERAL_NULL_CONVERSION = YES;
				CLANG_WARN_OBJC_IMPLICIT_RETAIN_SELF = YES;
				CLANG_WARN_OBJC_LITERAL_CONVERSION = YES;
				CLANG_WARN_OBJC_ROOT_CLASS = YES_ERROR;
				CLANG_WARN_RANGE_LOOP_ANALYSIS = YES;
				CLANG_WARN_STRICT_PROTOTYPES = YES;
				CLANG_WARN_SUSPICIOUS_MOVE = YES;
				CLANG_WARN_UNGUARDED_AVAILABILITY = YES_AGGRESSIVE;
				CLANG_WARN_UNREACHABLE_CODE = YES;
				CLANG_WARN__DUPLICATE_METHOD_MATCH = YES;
				COPY_PHASE_STRIP = NO;
				DEBUG_INFORMATION_FORMAT = dwarf;
				ENABLE_STRICT_OBJC_MSGSEND = YES;
				ENABLE_TESTABILITY = YES;
				GCC_C_LANGUAGE_STANDARD = gnu11;
				GCC_DYNAMIC_NO_PIC = NO;
				GCC_NO_COMMON_BLOCKS = YES;
				GCC_OPTIMIZATION_LEVEL = 0;
				GCC_PREPROCESSOR_DEFINITIONS = (
					"DEBUG=1",
					"$(inherited)",
				);
				GCC_WARN_64_TO_32_BIT_CONVERSION = YES;
				GCC_WARN_ABOUT_RETURN_TYPE = YES_ERROR;
				GCC_WARN_UNDECLARED_SELECTOR = YES;
				GCC_WARN_UNINITIALIZED_AUTOS = YES_AGGRESSIVE;
				GCC_WARN_UNUSED_FUNCTION = YES;
				GCC_WARN_UNUSED_VARIABLE = YES;
				IPHONEOS_DEPLOYMENT_TARGET = 13.5;
				MTL_ENABLE_DEBUG_INFO = INCLUDE_SOURCE;
				MTL_FAST_MATH = YES;
				ONLY_ACTIVE_ARCH = YES;
				SDKROOT = iphoneos;
				SWIFT_ACTIVE_COMPILATION_CONDITIONS = DEBUG;
				SWIFT_OPTIMIZATION_LEVEL = "-Onone";
			};
			name = Debug;
		};
		4241F6A1249DC20900BF2794 /* Release */ = {
			isa = XCBuildConfiguration;
			buildSettings = {
				ALWAYS_SEARCH_USER_PATHS = NO;
				CLANG_ANALYZER_NONNULL = YES;
				CLANG_ANALYZER_NUMBER_OBJECT_CONVERSION = YES_AGGRESSIVE;
				CLANG_CXX_LANGUAGE_STANDARD = "gnu++14";
				CLANG_CXX_LIBRARY = "libc++";
				CLANG_ENABLE_MODULES = YES;
				CLANG_ENABLE_OBJC_ARC = YES;
				CLANG_ENABLE_OBJC_WEAK = YES;
				CLANG_WARN_BLOCK_CAPTURE_AUTORELEASING = YES;
				CLANG_WARN_BOOL_CONVERSION = YES;
				CLANG_WARN_COMMA = YES;
				CLANG_WARN_CONSTANT_CONVERSION = YES;
				CLANG_WARN_DEPRECATED_OBJC_IMPLEMENTATIONS = YES;
				CLANG_WARN_DIRECT_OBJC_ISA_USAGE = YES_ERROR;
				CLANG_WARN_DOCUMENTATION_COMMENTS = YES;
				CLANG_WARN_EMPTY_BODY = YES;
				CLANG_WARN_ENUM_CONVERSION = YES;
				CLANG_WARN_INFINITE_RECURSION = YES;
				CLANG_WARN_INT_CONVERSION = YES;
				CLANG_WARN_NON_LITERAL_NULL_CONVERSION = YES;
				CLANG_WARN_OBJC_IMPLICIT_RETAIN_SELF = YES;
				CLANG_WARN_OBJC_LITERAL_CONVERSION = YES;
				CLANG_WARN_OBJC_ROOT_CLASS = YES_ERROR;
				CLANG_WARN_RANGE_LOOP_ANALYSIS = YES;
				CLANG_WARN_STRICT_PROTOTYPES = YES;
				CLANG_WARN_SUSPICIOUS_MOVE = YES;
				CLANG_WARN_UNGUARDED_AVAILABILITY = YES_AGGRESSIVE;
				CLANG_WARN_UNREACHABLE_CODE = YES;
				CLANG_WARN__DUPLICATE_METHOD_MATCH = YES;
				COPY_PHASE_STRIP = NO;
				DEBUG_INFORMATION_FORMAT = "dwarf-with-dsym";
				ENABLE_NS_ASSERTIONS = NO;
				ENABLE_STRICT_OBJC_MSGSEND = YES;
				GCC_C_LANGUAGE_STANDARD = gnu11;
				GCC_NO_COMMON_BLOCKS = YES;
				GCC_WARN_64_TO_32_BIT_CONVERSION = YES;
				GCC_WARN_ABOUT_RETURN_TYPE = YES_ERROR;
				GCC_WARN_UNDECLARED_SELECTOR = YES;
				GCC_WARN_UNINITIALIZED_AUTOS = YES_AGGRESSIVE;
				GCC_WARN_UNUSED_FUNCTION = YES;
				GCC_WARN_UNUSED_VARIABLE = YES;
				IPHONEOS_DEPLOYMENT_TARGET = 13.5;
				MTL_ENABLE_DEBUG_INFO = NO;
				MTL_FAST_MATH = YES;
				SDKROOT = iphoneos;
				SWIFT_COMPILATION_MODE = wholemodule;
				SWIFT_OPTIMIZATION_LEVEL = "-O";
				VALIDATE_PRODUCT = YES;
			};
			name = Release;
		};
		4241F6A3249DC20900BF2794 /* Debug */ = {
			isa = XCBuildConfiguration;
			buildSettings = {
				ASSETCATALOG_COMPILER_APPICON_NAME = AppIcon;
				CODE_SIGN_STYLE = Automatic;
				INFOPLIST_FILE = SwiftMapAndProtocol/Info.plist;
				LD_RUNPATH_SEARCH_PATHS = (
					"$(inherited)",
					"@executable_path/Frameworks",
				);
				PRODUCT_BUNDLE_IDENTIFIER = com.adachi.SwiftMapAndProtocol;
				PRODUCT_NAME = "$(TARGET_NAME)";
				SWIFT_VERSION = 5.0;
				TARGETED_DEVICE_FAMILY = "1,2";
			};
			name = Debug;
		};
		4241F6A4249DC20900BF2794 /* Release */ = {
			isa = XCBuildConfiguration;
			buildSettings = {
				ASSETCATALOG_COMPILER_APPICON_NAME = AppIcon;
				CODE_SIGN_STYLE = Automatic;
				INFOPLIST_FILE = SwiftMapAndProtocol/Info.plist;
				LD_RUNPATH_SEARCH_PATHS = (
					"$(inherited)",
					"@executable_path/Frameworks",
				);
				PRODUCT_BUNDLE_IDENTIFIER = com.adachi.SwiftMapAndProtocol;
				PRODUCT_NAME = "$(TARGET_NAME)";
				SWIFT_VERSION = 5.0;
				TARGETED_DEVICE_FAMILY = "1,2";
			};
			name = Release;
		};
/* End XCBuildConfiguration section */

/* Begin XCConfigurationList section */
		4241F689249DC20600BF2794 /* Build configuration list for PBXProject "SwiftMapAndProtocol" */ = {
			isa = XCConfigurationList;
			buildConfigurations = (
				4241F6A0249DC20900BF2794 /* Debug */,
				4241F6A1249DC20900BF2794 /* Release */,
			);
			defaultConfigurationIsVisible = 0;
			defaultConfigurationName = Release;
		};
		4241F6A2249DC20900BF2794 /* Build configuration list for PBXNativeTarget "SwiftMapAndProtocol" */ = {
			isa = XCConfigurationList;
			buildConfigurations = (
				4241F6A3249DC20900BF2794 /* Debug */,
				4241F6A4249DC20900BF2794 /* Release */,
			);
			defaultConfigurationIsVisible = 0;
			defaultConfigurationName = Release;
		};
/* End XCConfigurationList section */
	};
	rootObject = 4241F686249DC20600BF2794 /* Project object */;
}
